{
  "version": 1,
  "dependencies": {
    "net8.0": {
      "Lumina.Excel": {
        "type": "Direct",
        "requested": "[7.3.1, )",
        "resolved": "7.3.1",
        "contentHash": "NKjlWOi/hnBx6ZHV/VmDknIFQLuBmBoqdufDxawzoAsAwye2dibZdMYyz/gIezSRzAMbU0qP9h51uYo65eiWIQ==",
        "dependencies": {
          "Lumina": "6.3.0"
        }
      },
      "XIVCalc": {
        "type": "Direct",
        "requested": "[0.3.1, )",
        "resolved": "0.3.1",
        "contentHash": "RqVwlVRK1dihoU7cadMidzKBdq89zFgbYhTbs9E1nfp1k3SiOKEWzZhXqkNbp6SpvXPmTrHzxzgz8l+wLApdtw=="
      },
      "Lumina": {
        "type": "Transitive",
        "resolved": "6.3.0",
        "contentHash": "FQlZ16KhXtPGCEq1KeRTDZ14uq6qrvW2vYnNNlCpW7Xs1iLhF8AJsbYG8S0y1NnP7BRholPY8KGToVTsvmb8jw==",
        "dependencies": {
          "Microsoft.Extensions.ObjectPool": "8.0.7"
        }
      },
      "Microsoft.Extensions.ObjectPool": {
        "type": "Transitive",
        "resolved": "8.0.7",
        "contentHash": "2yLweyqmpuuFSRo+I3sLHMxmnAgNcI537kBJiyv49U2ZEqo00jZcG8lrnD8uCiOJp9IklYyTZULtbsXoFVzsjQ=="
      }
    }
  }
}